
Microsoft Visual Studio Solution File, Format Version 12.00
# Visual Studio 15
VisualStudioVersion = 15.0.28307.168
MinimumVisualStudioVersion = 10.0.40219.1
Project("{FAE04EC0-301F-11D3-BF4B-00C04F79EFBC}") = "ToDoList.Core.Android", "ToDoList.Core\ToDoList.Core.Android\ToDoList.Core.Android.csproj", "{CFC7BB89-07DE-40A8-8771-3992BF3C7A01}"
EndProject
Project("{FAE04EC0-301F-11D3-BF4B-00C04F79EFBC}") = "ToDoList.Core.iOS", "ToDoList.Core\ToDoList.Core.iOS\ToDoList.Core.iOS.csproj", "{89BC28C8-FAB7-48A3-88FD-6D1B3EC96771}"
EndProject
Project("{FAE04EC0-301F-11D3-BF4B-00C04F79EFBC}") = "ToDoList.Core", "ToDoList.Core\ToDoList.Core\ToDoList.Core.csproj", "{F1FA29DA-4005-426D-BEE3-E7B8F1934F56}"
EndProject
Project("{2150E333-8FDC-42A3-9474-1A3956D46DE8}") = "Targets", "Targets", "{AE968CE4-7B1C-4C38-95B2-AF7F2AD0FD27}"
EndProject
Project("{FAE04EC0-301F-11D3-BF4B-00C04F79EFBC}") = "ToDoList.Entities", "ToDoList.Entities\ToDoList.Entities.csproj", "{28D5630C-37DF-48E1-95D7-725C3642CE05}"
EndProject
Project("{FAE04EC0-301F-11D3-BF4B-00C04F79EFBC}") = "ToDoList.Repository", "ToDoList.Repository\ToDoList.Repository.csproj", "{1BA96D71-C166-4EA7-9610-911056F91E1A}"
EndProject
Global
	GlobalSection(SolutionConfigurationPlatforms) = preSolution
		Ad-Hoc|Any CPU = Ad-Hoc|Any CPU
		Ad-Hoc|iPhone = Ad-Hoc|iPhone
		Ad-Hoc|iPhoneSimulator = Ad-Hoc|iPhoneSimulator
		AppStore|Any CPU = AppStore|Any CPU
		AppStore|iPhone = AppStore|iPhone
		AppStore|iPhoneSimulator = AppStore|iPhoneSimulator
		Debug|Any CPU = Debug|Any CPU
		Debug|iPhone = Debug|iPhone
		Debug|iPhoneSimulator = Debug|iPhoneSimulator
		Release|Any CPU = Release|Any CPU
		Release|iPhone = Release|iPhone
		Release|iPhoneSimulator = Release|iPhoneSimulator
	EndGlobalSection
	GlobalSection(ProjectConfigurationPlatforms) = postSolution
		{CFC7BB89-07DE-40A8-8771-3992BF3C7A01}.Ad-Hoc|Any CPU.ActiveCfg = Release|Any CPU
		{CFC7BB89-07DE-40A8-8771-3992BF3C7A01}.Ad-Hoc|Any CPU.Build.0 = Release|Any CPU
		{CFC7BB89-07DE-40A8-8771-3992BF3C7A01}.Ad-Hoc|Any CPU.Deploy.0 = Release|Any CPU
		{CFC7BB89-07DE-40A8-8771-3992BF3C7A01}.Ad-Hoc|iPhone.ActiveCfg = Release|Any CPU
		{CFC7BB89-07DE-40A8-8771-3992BF3C7A01}.Ad-Hoc|iPhone.Build.0 = Release|Any CPU
		{CFC7BB89-07DE-40A8-8771-3992BF3C7A01}.Ad-Hoc|iPhone.Deploy.0 = Release|Any CPU
		{CFC7BB89-07DE-40A8-8771-3992BF3C7A01}.Ad-Hoc|iPhoneSimulator.ActiveCfg = Release|Any CPU
		{CFC7BB89-07DE-40A8-8771-3992BF3C7A01}.Ad-Hoc|iPhoneSimulator.Build.0 = Release|Any CPU
		{CFC7BB89-07DE-40A8-8771-3992BF3C7A01}.Ad-Hoc|iPhoneSimulator.Deploy.0 = Release|Any CPU
		{CFC7BB89-07DE-40A8-8771-3992BF3C7A01}.AppStore|Any CPU.ActiveCfg = Release|Any CPU
		{CFC7BB89-07DE-40A8-8771-3992BF3C7A01}.AppStore|Any CPU.Build.0 = Release|Any CPU
		{CFC7BB89-07DE-40A8-8771-3992BF3C7A01}.AppStore|Any CPU.Deploy.0 = Release|Any CPU
		{CFC7BB89-07DE-40A8-8771-3992BF3C7A01}.AppStore|iPhone.ActiveCfg = Release|Any CPU
		{CFC7BB89-07DE-40A8-8771-3992BF3C7A01}.AppStore|iPhone.Build.0 = Release|Any CPU
		{CFC7BB89-07DE-40A8-8771-3992BF3C7A01}.AppStore|iPhone.Deploy.0 = Release|Any CPU
		{CFC7BB89-07DE-40A8-8771-3992BF3C7A01}.AppStore|iPhoneSimulator.ActiveCfg = Release|Any CPU
		{CFC7BB89-07DE-40A8-8771-3992BF3C7A01}.AppStore|iPhoneSimulator.Build.0 = Release|Any CPU
		{CFC7BB89-07DE-40A8-8771-3992BF3C7A01}.AppStore|iPhoneSimulator.Deploy.0 = Release|Any CPU
		{CFC7BB89-07DE-40A8-8771-3992BF3C7A01}.Debug|Any CPU.ActiveCfg = Debug|Any CPU
		{CFC7BB89-07DE-40A8-8771-3992BF3C7A01}.Debug|Any CPU.Build.0 = Debug|Any CPU
		{CFC7BB89-07DE-40A8-8771-3992BF3C7A01}.Debug|Any CPU.Deploy.0 = Debug|Any CPU
		{CFC7BB89-07DE-40A8-8771-3992BF3C7A01}.Debug|iPhone.ActiveCfg = Debug|Any CPU
		{CFC7BB89-07DE-40A8-8771-3992BF3C7A01}.Debug|iPhone.Build.0 = Debug|Any CPU
		{CFC7BB89-07DE-40A8-8771-3992BF3C7A01}.Debug|iPhone.Deploy.0 = Debug|Any CPU
		{CFC7BB89-07DE-40A8-8771-3992BF3C7A01}.Debug|iPhoneSimulator.ActiveCfg = Debug|Any CPU
		{CFC7BB89-07DE-40A8-8771-3992BF3C7A01}.Debug|iPhoneSimulator.Build.0 = Debug|Any CPU
		{CFC7BB89-07DE-40A8-8771-3992BF3C7A01}.Debug|iPhoneSimulator.Deploy.0 = Debug|Any CPU
		{CFC7BB89-07DE-40A8-8771-3992BF3C7A01}.Release|Any CPU.ActiveCfg = Release|Any CPU
		{CFC7BB89-07DE-40A8-8771-3992BF3C7A01}.Release|Any CPU.Build.0 = Release|Any CPU
		{CFC7BB89-07DE-40A8-8771-3992BF3C7A01}.Release|Any CPU.Deploy.0 = Release|Any CPU
		{CFC7BB89-07DE-40A8-8771-3992BF3C7A01}.Release|iPhone.ActiveCfg = Release|Any CPU
		{CFC7BB89-07DE-40A8-8771-3992BF3C7A01}.Release|iPhone.Build.0 = Release|Any CPU
		{CFC7BB89-07DE-40A8-8771-3992BF3C7A01}.Release|iPhone.Deploy.0 = Release|Any CPU
		{CFC7BB89-07DE-40A8-8771-3992BF3C7A01}.Release|iPhoneSimulator.ActiveCfg = Release|Any CPU
		{CFC7BB89-07DE-40A8-8771-3992BF3C7A01}.Release|iPhoneSimulator.Build.0 = Release|Any CPU
		{CFC7BB89-07DE-40A8-8771-3992BF3C7A01}.Release|iPhoneSimulator.Deploy.0 = Release|Any CPU
		{89BC28C8-FAB7-48A3-88FD-6D1B3EC96771}.Ad-Hoc|Any CPU.ActiveCfg = Ad-Hoc|iPhone
		{89BC28C8-FAB7-48A3-88FD-6D1B3EC96771}.Ad-Hoc|Any CPU.Build.0 = Ad-Hoc|iPhone
		{89BC28C8-FAB7-48A3-88FD-6D1B3EC96771}.Ad-Hoc|Any CPU.Deploy.0 = Ad-Hoc|iPhone
		{89BC28C8-FAB7-48A3-88FD-6D1B3EC96771}.Ad-Hoc|iPhone.ActiveCfg = Ad-Hoc|iPhone
		{89BC28C8-FAB7-48A3-88FD-6D1B3EC96771}.Ad-Hoc|iPhone.Build.0 = Ad-Hoc|iPhone
		{89BC28C8-FAB7-48A3-88FD-6D1B3EC96771}.Ad-Hoc|iPhone.Deploy.0 = Ad-Hoc|iPhone
		{89BC28C8-FAB7-48A3-88FD-6D1B3EC96771}.Ad-Hoc|iPhoneSimulator.ActiveCfg = Ad-Hoc|iPhoneSimulator
		{89BC28C8-FAB7-48A3-88FD-6D1B3EC96771}.Ad-Hoc|iPhoneSimulator.Build.0 = Ad-Hoc|iPhoneSimulator
		{89BC28C8-FAB7-48A3-88FD-6D1B3EC96771}.Ad-Hoc|iPhoneSimulator.Deploy.0 = Ad-Hoc|iPhoneSimulator
		{89BC28C8-FAB7-48A3-88FD-6D1B3EC96771}.AppStore|Any CPU.ActiveCfg = AppStore|iPhone
		{89BC28C8-FAB7-48A3-88FD-6D1B3EC96771}.AppStore|Any CPU.Build.0 = AppStore|iPhone
		{89BC28C8-FAB7-48A3-88FD-6D1B3EC96771}.AppStore|Any CPU.Deploy.0 = AppStore|iPhone
		{89BC28C8-FAB7-48A3-88FD-6D1B3EC96771}.AppStore|iPhone.ActiveCfg = AppStore|iPhone
		{89BC28C8-FAB7-48A3-88FD-6D1B3EC96771}.AppStore|iPhone.Build.0 = AppStore|iPhone
		{89BC28C8-FAB7-48A3-88FD-6D1B3EC96771}.AppStore|iPhone.Deploy.0 = AppStore|iPhone
		{89BC28C8-FAB7-48A3-88FD-6D1B3EC96771}.AppStore|iPhoneSimulator.ActiveCfg = AppStore|iPhoneSimulator
		{89BC28C8-FAB7-48A3-88FD-6D1B3EC96771}.AppStore|iPhoneSimulator.Build.0 = AppStore|iPhoneSimulator
		{89BC28C8-FAB7-48A3-88FD-6D1B3EC96771}.AppStore|iPhoneSimulator.Deploy.0 = AppStore|iPhoneSimulator
		{89BC28C8-FAB7-48A3-88FD-6D1B3EC96771}.Debug|Any CPU.ActiveCfg = Debug|iPhoneSimulator
		{89BC28C8-FAB7-48A3-88FD-6D1B3EC96771}.Debug|Any CPU.Build.0 = Debug|iPhoneSimulator
		{89BC28C8-FAB7-48A3-88FD-6D1B3EC96771}.Debug|Any CPU.Deploy.0 = Debug|iPhoneSimulator
		{89BC28C8-FAB7-48A3-88FD-6D1B3EC96771}.Debug|iPhone.ActiveCfg = Debug|iPhone
		{89BC28C8-FAB7-48A3-88FD-6D1B3EC96771}.Debug|iPhone.Build.0 = Debug|iPhone
		{89BC28C8-FAB7-48A3-88FD-6D1B3EC96771}.Debug|iPhone.Deploy.0 = Debug|iPhone
		{89BC28C8-FAB7-48A3-88FD-6D1B3EC96771}.Debug|iPhoneSimulator.ActiveCfg = Debug|iPhoneSimulator
		{89BC28C8-FAB7-48A3-88FD-6D1B3EC96771}.Debug|iPhoneSimulator.Build.0 = Debug|iPhoneSimulator
		{89BC28C8-FAB7-48A3-88FD-6D1B3EC96771}.Debug|iPhoneSimulator.Deploy.0 = Debug|iPhoneSimulator
		{89BC28C8-FAB7-48A3-88FD-6D1B3EC96771}.Release|Any CPU.ActiveCfg = Release|iPhone
		{89BC28C8-FAB7-48A3-88FD-6D1B3EC96771}.Release|Any CPU.Build.0 = Release|iPhone
		{89BC28C8-FAB7-48A3-88FD-6D1B3EC96771}.Release|Any CPU.Deploy.0 = Release|iPhone
		{89BC28C8-FAB7-48A3-88FD-6D1B3EC96771}.Release|iPhone.ActiveCfg = Release|iPhone
		{89BC28C8-FAB7-48A3-88FD-6D1B3EC96771}.Release|iPhone.Build.0 = Release|iPhone
		{89BC28C8-FAB7-48A3-88FD-6D1B3EC96771}.Release|iPhone.Deploy.0 = Release|iPhone
		{89BC28C8-FAB7-48A3-88FD-6D1B3EC96771}.Release|iPhoneSimulator.ActiveCfg = Release|iPhoneSimulator
		{89BC28C8-FAB7-48A3-88FD-6D1B3EC96771}.Release|iPhoneSimulator.Build.0 = Release|iPhoneSimulator
		{89BC28C8-FAB7-48A3-88FD-6D1B3EC96771}.Release|iPhoneSimulator.Deploy.0 = Release|iPhoneSimulator
		{F1FA29DA-4005-426D-BEE3-E7B8F1934F56}.Ad-Hoc|Any CPU.ActiveCfg = Debug|Any CPU
		{F1FA29DA-4005-426D-BEE3-E7B8F1934F56}.Ad-Hoc|Any CPU.Build.0 = Debug|Any CPU
		{F1FA29DA-4005-426D-BEE3-E7B8F1934F56}.Ad-Hoc|Any CPU.Deploy.0 = Debug|Any CPU
		{F1FA29DA-4005-426D-BEE3-E7B8F1934F56}.Ad-Hoc|iPhone.ActiveCfg = Debug|Any CPU
		{F1FA29DA-4005-426D-BEE3-E7B8F1934F56}.Ad-Hoc|iPhone.Build.0 = Debug|Any CPU
		{F1FA29DA-4005-426D-BEE3-E7B8F1934F56}.Ad-Hoc|iPhone.Deploy.0 = Debug|Any CPU
		{F1FA29DA-4005-426D-BEE3-E7B8F1934F56}.Ad-Hoc|iPhoneSimulator.ActiveCfg = Debug|Any CPU
		{F1FA29DA-4005-426D-BEE3-E7B8F1934F56}.Ad-Hoc|iPhoneSimulator.Build.0 = Debug|Any CPU
		{F1FA29DA-4005-426D-BEE3-E7B8F1934F56}.Ad-Hoc|iPhoneSimulator.Deploy.0 = Debug|Any CPU
		{F1FA29DA-4005-426D-BEE3-E7B8F1934F56}.AppStore|Any CPU.ActiveCfg = Debug|Any CPU
		{F1FA29DA-4005-426D-BEE3-E7B8F1934F56}.AppStore|Any CPU.Build.0 = Debug|Any CPU
		{F1FA29DA-4005-426D-BEE3-E7B8F1934F56}.AppStore|Any CPU.Deploy.0 = Debug|Any CPU
		{F1FA29DA-4005-426D-BEE3-E7B8F1934F56}.AppStore|iPhone.ActiveCfg = Debug|Any CPU
		{F1FA29DA-4005-426D-BEE3-E7B8F1934F56}.AppStore|iPhone.Build.0 = Debug|Any CPU
		{F1FA29DA-4005-426D-BEE3-E7B8F1934F56}.AppStore|iPhone.Deploy.0 = Debug|Any CPU
		{F1FA29DA-4005-426D-BEE3-E7B8F1934F56}.AppStore|iPhoneSimulator.ActiveCfg = Debug|Any CPU
		{F1FA29DA-4005-426D-BEE3-E7B8F1934F56}.AppStore|iPhoneSimulator.Build.0 = Debug|Any CPU
		{F1FA29DA-4005-426D-BEE3-E7B8F1934F56}.AppStore|iPhoneSimulator.Deploy.0 = Debug|Any CPU
		{F1FA29DA-4005-426D-BEE3-E7B8F1934F56}.Debug|Any CPU.ActiveCfg = Debug|Any CPU
		{F1FA29DA-4005-426D-BEE3-E7B8F1934F56}.Debug|Any CPU.Build.0 = Debug|Any CPU
		{F1FA29DA-4005-426D-BEE3-E7B8F1934F56}.Debug|Any CPU.Deploy.0 = Debug|Any CPU
		{F1FA29DA-4005-426D-BEE3-E7B8F1934F56}.Debug|iPhone.ActiveCfg = Debug|Any CPU
		{F1FA29DA-4005-426D-BEE3-E7B8F1934F56}.Debug|iPhone.Build.0 = Debug|Any CPU
		{F1FA29DA-4005-426D-BEE3-E7B8F1934F56}.Debug|iPhone.Deploy.0 = Debug|Any CPU
		{F1FA29DA-4005-426D-BEE3-E7B8F1934F56}.Debug|iPhoneSimulator.ActiveCfg = Debug|Any CPU
		{F1FA29DA-4005-426D-BEE3-E7B8F1934F56}.Debug|iPhoneSimulator.Build.0 = Debug|Any CPU
		{F1FA29DA-4005-426D-BEE3-E7B8F1934F56}.Debug|iPhoneSimulator.Deploy.0 = Debug|Any CPU
		{F1FA29DA-4005-426D-BEE3-E7B8F1934F56}.Release|Any CPU.ActiveCfg = Release|Any CPU
		{F1FA29DA-4005-426D-BEE3-E7B8F1934F56}.Release|Any CPU.Build.0 = Release|Any CPU
		{F1FA29DA-4005-426D-BEE3-E7B8F1934F56}.Release|Any CPU.Deploy.0 = Release|Any CPU
		{F1FA29DA-4005-426D-BEE3-E7B8F1934F56}.Release|iPhone.ActiveCfg = Release|Any CPU
		{F1FA29DA-4005-426D-BEE3-E7B8F1934F56}.Release|iPhone.Build.0 = Release|Any CPU
		{F1FA29DA-4005-426D-BEE3-E7B8F1934F56}.Release|iPhone.Deploy.0 = Release|Any CPU
		{F1FA29DA-4005-426D-BEE3-E7B8F1934F56}.Release|iPhoneSimulator.ActiveCfg = Release|Any CPU
		{F1FA29DA-4005-426D-BEE3-E7B8F1934F56}.Release|iPhoneSimulator.Build.0 = Release|Any CPU
		{F1FA29DA-4005-426D-BEE3-E7B8F1934F56}.Release|iPhoneSimulator.Deploy.0 = Release|Any CPU
		{28D5630C-37DF-48E1-95D7-725C3642CE05}.Ad-Hoc|Any CPU.ActiveCfg = Release|Any CPU
		{28D5630C-37DF-48E1-95D7-725C3642CE05}.Ad-Hoc|Any CPU.Build.0 = Release|Any CPU
		{28D5630C-37DF-48E1-95D7-725C3642CE05}.Ad-Hoc|iPhone.ActiveCfg = Release|Any CPU
		{28D5630C-37DF-48E1-95D7-725C3642CE05}.Ad-Hoc|iPhone.Build.0 = Release|Any CPU
		{28D5630C-37DF-48E1-95D7-725C3642CE05}.Ad-Hoc|iPhoneSimulator.ActiveCfg = Release|Any CPU
		{28D5630C-37DF-48E1-95D7-725C3642CE05}.Ad-Hoc|iPhoneSimulator.Build.0 = Release|Any CPU
		{28D5630C-37DF-48E1-95D7-725C3642CE05}.AppStore|Any CPU.ActiveCfg = Release|Any CPU
		{28D5630C-37DF-48E1-95D7-725C3642CE05}.AppStore|Any CPU.Build.0 = Release|Any CPU
		{28D5630C-37DF-48E1-95D7-725C3642CE05}.AppStore|iPhone.ActiveCfg = Release|Any CPU
		{28D5630C-37DF-48E1-95D7-725C3642CE05}.AppStore|iPhone.Build.0 = Release|Any CPU
		{28D5630C-37DF-48E1-95D7-725C3642CE05}.AppStore|iPhoneSimulator.ActiveCfg = Release|Any CPU
		{28D5630C-37DF-48E1-95D7-725C3642CE05}.AppStore|iPhoneSimulator.Build.0 = Release|Any CPU
		{28D5630C-37DF-48E1-95D7-725C3642CE05}.Debug|Any CPU.ActiveCfg = Debug|Any CPU
		{28D5630C-37DF-48E1-95D7-725C3642CE05}.Debug|Any CPU.Build.0 = Debug|Any CPU
		{28D5630C-37DF-48E1-95D7-725C3642CE05}.Debug|iPhone.ActiveCfg = Debug|Any CPU
		{28D5630C-37DF-48E1-95D7-725C3642CE05}.Debug|iPhone.Build.0 = Debug|Any CPU
		{28D5630C-37DF-48E1-95D7-725C3642CE05}.Debug|iPhoneSimulator.ActiveCfg = Debug|Any CPU
		{28D5630C-37DF-48E1-95D7-725C3642CE05}.Debug|iPhoneSimulator.Build.0 = Debug|Any CPU
		{28D5630C-37DF-48E1-95D7-725C3642CE05}.Release|Any CPU.ActiveCfg = Release|Any CPU
		{28D5630C-37DF-48E1-95D7-725C3642CE05}.Release|Any CPU.Build.0 = Release|Any CPU
		{28D5630C-37DF-48E1-95D7-725C3642CE05}.Release|iPhone.ActiveCfg = Release|Any CPU
		{28D5630C-37DF-48E1-95D7-725C3642CE05}.Release|iPhone.Build.0 = Release|Any CPU
		{28D5630C-37DF-48E1-95D7-725C3642CE05}.Release|iPhoneSimulator.ActiveCfg = Release|Any CPU
		{28D5630C-37DF-48E1-95D7-725C3642CE05}.Release|iPhoneSimulator.Build.0 = Release|Any CPU
		{1BA96D71-C166-4EA7-9610-911056F91E1A}.Ad-Hoc|Any CPU.ActiveCfg = Release|Any CPU
		{1BA96D71-C166-4EA7-9610-911056F91E1A}.Ad-Hoc|Any CPU.Build.0 = Release|Any CPU
		{1BA96D71-C166-4EA7-9610-911056F91E1A}.Ad-Hoc|iPhone.ActiveCfg = Release|Any CPU
		{1BA96D71-C166-4EA7-9610-911056F91E1A}.Ad-Hoc|iPhone.Build.0 = Release|Any CPU
		{1BA96D71-C166-4EA7-9610-911056F91E1A}.Ad-Hoc|iPhoneSimulator.ActiveCfg = Release|Any CPU
		{1BA96D71-C166-4EA7-9610-911056F91E1A}.Ad-Hoc|iPhoneSimulator.Build.0 = Release|Any CPU
		{1BA96D71-C166-4EA7-9610-911056F91E1A}.AppStore|Any CPU.ActiveCfg = Release|Any CPU
		{1BA96D71-C166-4EA7-9610-911056F91E1A}.AppStore|Any CPU.Build.0 = Release|Any CPU
		{1BA96D71-C166-4EA7-9610-911056F91E1A}.AppStore|iPhone.ActiveCfg = Release|Any CPU
		{1BA96D71-C166-4EA7-9610-911056F91E1A}.AppStore|iPhone.Build.0 = Release|Any CPU
		{1BA96D71-C166-4EA7-9610-911056F91E1A}.AppStore|iPhoneSimulator.ActiveCfg = Release|Any CPU
		{1BA96D71-C166-4EA7-9610-911056F91E1A}.AppStore|iPhoneSimulator.Build.0 = Release|Any CPU
		{1BA96D71-C166-4EA7-9610-911056F91E1A}.Debug|Any CPU.ActiveCfg = Debug|Any CPU
		{1BA96D71-C166-4EA7-9610-911056F91E1A}.Debug|Any CPU.Build.0 = Debug|Any CPU
		{1BA96D71-C166-4EA7-9610-911056F91E1A}.Debug|iPhone.ActiveCfg = Debug|Any CPU
		{1BA96D71-C166-4EA7-9610-911056F91E1A}.Debug|iPhone.Build.0 = Debug|Any CPU
		{1BA96D71-C166-4EA7-9610-911056F91E1A}.Debug|iPhoneSimulator.ActiveCfg = Debug|Any CPU
		{1BA96D71-C166-4EA7-9610-911056F91E1A}.Debug|iPhoneSimulator.Build.0 = Debug|Any CPU
		{1BA96D71-C166-4EA7-9610-911056F91E1A}.Release|Any CPU.ActiveCfg = Release|Any CPU
		{1BA96D71-C166-4EA7-9610-911056F91E1A}.Release|Any CPU.Build.0 = Release|Any CPU
		{1BA96D71-C166-4EA7-9610-911056F91E1A}.Release|iPhone.ActiveCfg = Release|Any CPU
		{1BA96D71-C166-4EA7-9610-911056F91E1A}.Release|iPhone.Build.0 = Release|Any CPU
		{1BA96D71-C166-4EA7-9610-911056F91E1A}.Release|iPhoneSimulator.ActiveCfg = Release|Any CPU
		{1BA96D71-C166-4EA7-9610-911056F91E1A}.Release|iPhoneSimulator.Build.0 = Release|Any CPU
	EndGlobalSection
	GlobalSection(SolutionProperties) = preSolution
		HideSolutionNode = FALSE
	EndGlobalSection
	GlobalSection(NestedProjects) = preSolution
		{CFC7BB89-07DE-40A8-8771-3992BF3C7A01} = {AE968CE4-7B1C-4C38-95B2-AF7F2AD0FD27}
		{89BC28C8-FAB7-48A3-88FD-6D1B3EC96771} = {AE968CE4-7B1C-4C38-95B2-AF7F2AD0FD27}
	EndGlobalSection
	GlobalSection(ExtensibilityGlobals) = postSolution
		SolutionGuid = {82442F2A-AE3B-4CDC-A40E-5E54E344B701}
	EndGlobalSection
EndGlobal
